
Microsoft Visual Studio Solution File, Format Version 12.00
Project("{FAE04EC0-301F-11D3-BF4B-00C04F79EFBC}") = "Tenogy.MailoPost.Client", "Tenogy.MailoPost.Client\Tenogy.MailoPost.Client.csproj", "{ECDD7547-6219-4BEA-9E7A-8652C8EED9CE}"
EndProject
Project("{FAE04EC0-301F-11D3-BF4B-00C04F79EFBC}") = "Tenogy.MailoPost.Client.Tests", "Tenogy.MailoPost.Client.Tests\Tenogy.MailoPost.Client.Tests.csproj", "{83EDE68C-D7E3-4504-8BBE-FEEA002E910C}"
EndProject
Global
	GlobalSection(SolutionConfigurationPlatforms) = preSolution
		Debug|Any CPU = Debug|Any CPU
		Release|Any CPU = Release|Any CPU
	EndGlobalSection
	GlobalSection(ProjectConfigurationPlatforms) = postSolution
		{ECDD7547-6219-4BEA-9E7A-8652C8EED9CE}.Debug|Any CPU.ActiveCfg = Debug|Any CPU
		{ECDD7547-6219-4BEA-9E7A-8652C8EED9CE}.Debug|Any CPU.Build.0 = Debug|Any CPU
		{ECDD7547-6219-4BEA-9E7A-8652C8EED9CE}.Release|Any CPU.ActiveCfg = Release|Any CPU
		{ECDD7547-6219-4BEA-9E7A-8652C8EED9CE}.Release|Any CPU.Build.0 = Release|Any CPU
		{83EDE68C-D7E3-4504-8BBE-FEEA002E910C}.Debug|Any CPU.ActiveCfg = Debug|Any CPU
		{83EDE68C-D7E3-4504-8BBE-FEEA002E910C}.Debug|Any CPU.Build.0 = Debug|Any CPU
		{83EDE68C-D7E3-4504-8BBE-FEEA002E910C}.Release|Any CPU.ActiveCfg = Release|Any CPU
		{83EDE68C-D7E3-4504-8BBE-FEEA002E910C}.Release|Any CPU.Build.0 = Release|Any CPU
	EndGlobalSection
EndGlobal
